
Microsoft Visual Studio Solution File, Format Version 12.00
# Visual Studio Version 16
VisualStudioVersion = 16.0.31729.503
MinimumVisualStudioVersion = 10.0.40219.1
Project("{FAE04EC0-301F-11D3-BF4B-00C04F79EFBC}") = "CAPTeam14", "CAPTeam14\CAPTeam14.csproj", "{C7EDBAB6-BAC3-4B26-9D28-55EEC549E4CD}"
EndProject
Project("{FAE04EC0-301F-11D3-BF4B-00C04F79EFBC}") = "CAPTeam14.Tests", "CAPTeam14.Tests\CAPTeam14.Tests.csproj", "{0B0486C8-BAC7-484A-BD09-AA20845DC3B1}"
EndProject
Global
	GlobalSection(SolutionConfigurationPlatforms) = preSolution
		Debug|Any CPU = Debug|Any CPU
		Release|Any CPU = Release|Any CPU
	EndGlobalSection
	GlobalSection(ProjectConfigurationPlatforms) = postSolution
		{C7EDBAB6-BAC3-4B26-9D28-55EEC549E4CD}.Debug|Any CPU.ActiveCfg = Debug|Any CPU
		{C7EDBAB6-BAC3-4B26-9D28-55EEC549E4CD}.Debug|Any CPU.Build.0 = Debug|Any CPU
		{C7EDBAB6-BAC3-4B26-9D28-55EEC549E4CD}.Release|Any CPU.ActiveCfg = Release|Any CPU
		{C7EDBAB6-BAC3-4B26-9D28-55EEC549E4CD}.Release|Any CPU.Build.0 = Release|Any CPU
		{0B0486C8-BAC7-484A-BD09-AA20845DC3B1}.Debug|Any CPU.ActiveCfg = Debug|Any CPU
		{0B0486C8-BAC7-484A-BD09-AA20845DC3B1}.Debug|Any CPU.Build.0 = Debug|Any CPU
		{0B0486C8-BAC7-484A-BD09-AA20845DC3B1}.Release|Any CPU.ActiveCfg = Release|Any CPU
		{0B0486C8-BAC7-484A-BD09-AA20845DC3B1}.Release|Any CPU.Build.0 = Release|Any CPU
	EndGlobalSection
	GlobalSection(SolutionProperties) = preSolution
		HideSolutionNode = FALSE
	EndGlobalSection
	GlobalSection(ExtensibilityGlobals) = postSolution
		SolutionGuid = {7227D2C6-B219-4BFA-B7B4-6FBF5BEDACB0}
	EndGlobalSection
EndGlobal
